
Microsoft Visual Studio Solution File, Format Version 12.00
# Visual Studio Version 16
VisualStudioVersion = 16.0.30804.86
MinimumVisualStudioVersion = 10.0.40219.1
Project("{FAE04EC0-301F-11D3-BF4B-00C04F79EFBC}") = "NumberExtractor", "NumberExtractor\NumberExtractor.csproj", "{CEE01239-0432-46CF-8428-B2CA88216003}"
EndProject
Global
	GlobalSection(SolutionConfigurationPlatforms) = preSolution
		Debug|Any CPU = Debug|Any CPU
		Release|Any CPU = Release|Any CPU
	EndGlobalSection
	GlobalSection(ProjectConfigurationPlatforms) = postSolution
		{CEE01239-0432-46CF-8428-B2CA88216003}.Debug|Any CPU.ActiveCfg = Debug|Any CPU
		{CEE01239-0432-46CF-8428-B2CA88216003}.Debug|Any CPU.Build.0 = Debug|Any CPU
		{CEE01239-0432-46CF-8428-B2CA88216003}.Release|Any CPU.ActiveCfg = Release|Any CPU
		{CEE01239-0432-46CF-8428-B2CA88216003}.Release|Any CPU.Build.0 = Release|Any CPU
	EndGlobalSection
	GlobalSection(SolutionProperties) = preSolution
		HideSolutionNode = FALSE
	EndGlobalSection
	GlobalSection(ExtensibilityGlobals) = postSolution
		SolutionGuid = {5310B7D3-13D5-4C93-B31A-337FF8E017B6}
	EndGlobalSection
EndGlobal
